
Microsoft Visual Studio Solution File, Format Version 12.00
# Visual Studio Version 17
VisualStudioVersion = 17.14.36414.22 d17.14
MinimumVisualStudioVersion = 10.0.40219.1
Project("{FAE04EC0-301F-11D3-BF4B-00C04F79EFBC}") = "FilmKirala.Api", "FilmKirala.Api\FilmKirala.Api.csproj", "{6F0BCB14-05CF-4EA8-804A-15D37C4C5C48}"
EndProject
Project("{FAE04EC0-301F-11D3-BF4B-00C04F79EFBC}") = "FilmKirala.Domain", "FilmKirala.Domain\FilmKirala.Domain.csproj", "{77A19A4F-A1AD-4092-A80B-4D88CC5D690B}"
EndProject
Project("{FAE04EC0-301F-11D3-BF4B-00C04F79EFBC}") = "FilmKirala.Application", "FilmKirala.Application\FilmKirala.Application.csproj", "{75D48A57-46F2-48CE-B57A-4E2E8C108F2A}"
EndProject
Project("{FAE04EC0-301F-11D3-BF4B-00C04F79EFBC}") = "FilmKirala.Infrastructure", "FilmKirala.Infrastructure\FilmKirala.Infrastructure.csproj", "{75964CFD-5D41-42ED-B47D-71481A46DB56}"
EndProject
Global
	GlobalSection(SolutionConfigurationPlatforms) = preSolution
		Debug|Any CPU = Debug|Any CPU
		Release|Any CPU = Release|Any CPU
	EndGlobalSection
	GlobalSection(ProjectConfigurationPlatforms) = postSolution
		{6F0BCB14-05CF-4EA8-804A-15D37C4C5C48}.Debug|Any CPU.ActiveCfg = Debug|Any CPU
		{6F0BCB14-05CF-4EA8-804A-15D37C4C5C48}.Debug|Any CPU.Build.0 = Debug|Any CPU
		{6F0BCB14-05CF-4EA8-804A-15D37C4C5C48}.Release|Any CPU.ActiveCfg = Release|Any CPU
		{6F0BCB14-05CF-4EA8-804A-15D37C4C5C48}.Release|Any CPU.Build.0 = Release|Any CPU
		{77A19A4F-A1AD-4092-A80B-4D88CC5D690B}.Debug|Any CPU.ActiveCfg = Debug|Any CPU
		{77A19A4F-A1AD-4092-A80B-4D88CC5D690B}.Debug|Any CPU.Build.0 = Debug|Any CPU
		{77A19A4F-A1AD-4092-A80B-4D88CC5D690B}.Release|Any CPU.ActiveCfg = Release|Any CPU
		{77A19A4F-A1AD-4092-A80B-4D88CC5D690B}.Release|Any CPU.Build.0 = Release|Any CPU
		{75D48A57-46F2-48CE-B57A-4E2E8C108F2A}.Debug|Any CPU.ActiveCfg = Debug|Any CPU
		{75D48A57-46F2-48CE-B57A-4E2E8C108F2A}.Debug|Any CPU.Build.0 = Debug|Any CPU
		{75D48A57-46F2-48CE-B57A-4E2E8C108F2A}.Release|Any CPU.ActiveCfg = Release|Any CPU
		{75D48A57-46F2-48CE-B57A-4E2E8C108F2A}.Release|Any CPU.Build.0 = Release|Any CPU
		{75964CFD-5D41-42ED-B47D-71481A46DB56}.Debug|Any CPU.ActiveCfg = Debug|Any CPU
		{75964CFD-5D41-42ED-B47D-71481A46DB56}.Debug|Any CPU.Build.0 = Debug|Any CPU
		{75964CFD-5D41-42ED-B47D-71481A46DB56}.Release|Any CPU.ActiveCfg = Release|Any CPU
		{75964CFD-5D41-42ED-B47D-71481A46DB56}.Release|Any CPU.Build.0 = Release|Any CPU
	EndGlobalSection
	GlobalSection(SolutionProperties) = preSolution
		HideSolutionNode = FALSE
	EndGlobalSection
	GlobalSection(ExtensibilityGlobals) = postSolution
		SolutionGuid = {A5384791-91D8-4262-8D4C-526FB4B9741C}
	EndGlobalSection
EndGlobal
